
Microsoft Visual Studio Solution File, Format Version 12.00
# Visual Studio Version 17
VisualStudioVersion = 17.7.34221.43
MinimumVisualStudioVersion = 10.0.40219.1
Project("{FAE04EC0-301F-11D3-BF4B-00C04F79EFBC}") = "LunchOrderingSystem", "LunchOrderingSystem.csproj", "{380F2819-DE77-46ED-8AEE-B261BFD773D1}"
EndProject
Global
	GlobalSection(SolutionConfigurationPlatforms) = preSolution
		Debug|Any CPU = Debug|Any CPU
		Release|Any CPU = Release|Any CPU
	EndGlobalSection
	GlobalSection(ProjectConfigurationPlatforms) = postSolution
		{380F2819-DE77-46ED-8AEE-B261BFD773D1}.Debug|Any CPU.ActiveCfg = Debug|Any CPU
		{380F2819-DE77-46ED-8AEE-B261BFD773D1}.Debug|Any CPU.Build.0 = Debug|Any CPU
		{380F2819-DE77-46ED-8AEE-B261BFD773D1}.Release|Any CPU.ActiveCfg = Release|Any CPU
		{380F2819-DE77-46ED-8AEE-B261BFD773D1}.Release|Any CPU.Build.0 = Release|Any CPU
	EndGlobalSection
	GlobalSection(SolutionProperties) = preSolution
		HideSolutionNode = FALSE
	EndGlobalSection
	GlobalSection(ExtensibilityGlobals) = postSolution
		SolutionGuid = {B2ECBC8E-6212-4589-907F-764D21E4F85E}
	EndGlobalSection
EndGlobal
